
Microsoft Visual Studio Solution File, Format Version 12.00
# Visual Studio Version 17
VisualStudioVersion = 17.6.33829.357
MinimumVisualStudioVersion = 10.0.40219.1
Project("{FAE04EC0-301F-11D3-BF4B-00C04F79EFBC}") = "ImageEditor_GettingStarted.UWP", "ImageEditor_GettingStarted\ImageEditor_GettingStarted.UWP\ImageEditor_GettingStarted.UWP.csproj", "{C334F421-D148-4215-A062-EFD829D2C34D}"
EndProject
Project("{FAE04EC0-301F-11D3-BF4B-00C04F79EFBC}") = "ImageEditor_GettingStarted.Android", "ImageEditor_GettingStarted\ImageEditor_GettingStarted.Android\ImageEditor_GettingStarted.Android.csproj", "{F6089756-A7A8-4613-9BD6-F9226FED22B5}"
EndProject
Project("{FAE04EC0-301F-11D3-BF4B-00C04F79EFBC}") = "ImageEditor_GettingStarted.iOS", "ImageEditor_GettingStarted\ImageEditor_GettingStarted.iOS\ImageEditor_GettingStarted.iOS.csproj", "{8AD3B2A5-41AA-4228-9780-3B214EA94B6D}"
EndProject
Project("{FAE04EC0-301F-11D3-BF4B-00C04F79EFBC}") = "ImageEditor_GettingStarted", "ImageEditor_GettingStarted\ImageEditor_GettingStarted\ImageEditor_GettingStarted.csproj", "{4C997DAD-7858-455C-96CA-C09E2ED41707}"
EndProject
Global
	GlobalSection(SolutionConfigurationPlatforms) = preSolution
		Debug|Any CPU = Debug|Any CPU
		Debug|ARM = Debug|ARM
		Debug|iPhone = Debug|iPhone
		Debug|iPhoneSimulator = Debug|iPhoneSimulator
		Debug|x64 = Debug|x64
		Debug|x86 = Debug|x86
		Release|Any CPU = Release|Any CPU
		Release|ARM = Release|ARM
		Release|iPhone = Release|iPhone
		Release|iPhoneSimulator = Release|iPhoneSimulator
		Release|x64 = Release|x64
		Release|x86 = Release|x86
	EndGlobalSection
	GlobalSection(ProjectConfigurationPlatforms) = postSolution
		{C334F421-D148-4215-A062-EFD829D2C34D}.Debug|Any CPU.ActiveCfg = Debug|x64
		{C334F421-D148-4215-A062-EFD829D2C34D}.Debug|Any CPU.Build.0 = Debug|x64
		{C334F421-D148-4215-A062-EFD829D2C34D}.Debug|Any CPU.Deploy.0 = Debug|x64
		{C334F421-D148-4215-A062-EFD829D2C34D}.Debug|ARM.ActiveCfg = Debug|ARM
		{C334F421-D148-4215-A062-EFD829D2C34D}.Debug|ARM.Build.0 = Debug|ARM
		{C334F421-D148-4215-A062-EFD829D2C34D}.Debug|ARM.Deploy.0 = Debug|ARM
		{C334F421-D148-4215-A062-EFD829D2C34D}.Debug|iPhone.ActiveCfg = Debug|x64
		{C334F421-D148-4215-A062-EFD829D2C34D}.Debug|iPhone.Build.0 = Debug|x64
		{C334F421-D148-4215-A062-EFD829D2C34D}.Debug|iPhone.Deploy.0 = Debug|x64
		{C334F421-D148-4215-A062-EFD829D2C34D}.Debug|iPhoneSimulator.ActiveCfg = Debug|x64
		{C334F421-D148-4215-A062-EFD829D2C34D}.Debug|iPhoneSimulator.Build.0 = Debug|x64
		{C334F421-D148-4215-A062-EFD829D2C34D}.Debug|iPhoneSimulator.Deploy.0 = Debug|x64
		{C334F421-D148-4215-A062-EFD829D2C34D}.Debug|x64.ActiveCfg = Debug|x64
		{C334F421-D148-4215-A062-EFD829D2C34D}.Debug|x64.Build.0 = Debug|x64
		{C334F421-D148-4215-A062-EFD829D2C34D}.Debug|x64.Deploy.0 = Debug|x64
		{C334F421-D148-4215-A062-EFD829D2C34D}.Debug|x86.ActiveCfg = Debug|x86
		{C334F421-D148-4215-A062-EFD829D2C34D}.Debug|x86.Build.0 = Debug|x86
		{C334F421-D148-4215-A062-EFD829D2C34D}.Debug|x86.Deploy.0 = Debug|x86
		{C334F421-D148-4215-A062-EFD829D2C34D}.Release|Any CPU.ActiveCfg = Release|x64
		{C334F421-D148-4215-A062-EFD829D2C34D}.Release|Any CPU.Build.0 = Release|x64
		{C334F421-D148-4215-A062-EFD829D2C34D}.Release|Any CPU.Deploy.0 = Release|x64
		{C334F421-D148-4215-A062-EFD829D2C34D}.Release|ARM.ActiveCfg = Release|ARM
		{C334F421-D148-4215-A062-EFD829D2C34D}.Release|ARM.Build.0 = Release|ARM
		{C334F421-D148-4215-A062-EFD829D2C34D}.Release|ARM.Deploy.0 = Release|ARM
		{C334F421-D148-4215-A062-EFD829D2C34D}.Release|iPhone.ActiveCfg = Release|x64
		{C334F421-D148-4215-A062-EFD829D2C34D}.Release|iPhone.Build.0 = Release|x64
		{C334F421-D148-4215-A062-EFD829D2C34D}.Release|iPhone.Deploy.0 = Release|x64
		{C334F421-D148-4215-A062-EFD829D2C34D}.Release|iPhoneSimulator.ActiveCfg = Release|x64
		{C334F421-D148-4215-A062-EFD829D2C34D}.Release|iPhoneSimulator.Build.0 = Release|x64
		{C334F421-D148-4215-A062-EFD829D2C34D}.Release|iPhoneSimulator.Deploy.0 = Release|x64
		{C334F421-D148-4215-A062-EFD829D2C34D}.Release|x64.ActiveCfg = Release|x64
		{C334F421-D148-4215-A062-EFD829D2C34D}.Release|x64.Build.0 = Release|x64
		{C334F421-D148-4215-A062-EFD829D2C34D}.Release|x64.Deploy.0 = Release|x64
		{C334F421-D148-4215-A062-EFD829D2C34D}.Release|x86.ActiveCfg = Release|x86
		{C334F421-D148-4215-A062-EFD829D2C34D}.Release|x86.Build.0 = Release|x86
		{C334F421-D148-4215-A062-EFD829D2C34D}.Release|x86.Deploy.0 = Release|x86
		{F6089756-A7A8-4613-9BD6-F9226FED22B5}.Debug|Any CPU.ActiveCfg = Debug|Any CPU
		{F6089756-A7A8-4613-9BD6-F9226FED22B5}.Debug|Any CPU.Build.0 = Debug|Any CPU
		{F6089756-A7A8-4613-9BD6-F9226FED22B5}.Debug|Any CPU.Deploy.0 = Debug|Any CPU
		{F6089756-A7A8-4613-9BD6-F9226FED22B5}.Debug|ARM.ActiveCfg = Debug|Any CPU
		{F6089756-A7A8-4613-9BD6-F9226FED22B5}.Debug|ARM.Build.0 = Debug|Any CPU
		{F6089756-A7A8-4613-9BD6-F9226FED22B5}.Debug|ARM.Deploy.0 = Debug|Any CPU
		{F6089756-A7A8-4613-9BD6-F9226FED22B5}.Debug|iPhone.ActiveCfg = Debug|Any CPU
		{F6089756-A7A8-4613-9BD6-F9226FED22B5}.Debug|iPhone.Build.0 = Debug|Any CPU
		{F6089756-A7A8-4613-9BD6-F9226FED22B5}.Debug|iPhone.Deploy.0 = Debug|Any CPU
		{F6089756-A7A8-4613-9BD6-F9226FED22B5}.Debug|iPhoneSimulator.ActiveCfg = Debug|Any CPU
		{F6089756-A7A8-4613-9BD6-F9226FED22B5}.Debug|iPhoneSimulator.Build.0 = Debug|Any CPU
		{F6089756-A7A8-4613-9BD6-F9226FED22B5}.Debug|iPhoneSimulator.Deploy.0 = Debug|Any CPU
		{F6089756-A7A8-4613-9BD6-F9226FED22B5}.Debug|x64.ActiveCfg = Debug|Any CPU
		{F6089756-A7A8-4613-9BD6-F9226FED22B5}.Debug|x64.Build.0 = Debug|Any CPU
		{F6089756-A7A8-4613-9BD6-F9226FED22B5}.Debug|x64.Deploy.0 = Debug|Any CPU
		{F6089756-A7A8-4613-9BD6-F9226FED22B5}.Debug|x86.ActiveCfg = Debug|Any CPU
		{F6089756-A7A8-4613-9BD6-F9226FED22B5}.Debug|x86.Build.0 = Debug|Any CPU
		{F6089756-A7A8-4613-9BD6-F9226FED22B5}.Debug|x86.Deploy.0 = Debug|Any CPU
		{F6089756-A7A8-4613-9BD6-F9226FED22B5}.Release|Any CPU.ActiveCfg = Release|Any CPU
		{F6089756-A7A8-4613-9BD6-F9226FED22B5}.Release|Any CPU.Build.0 = Release|Any CPU
		{F6089756-A7A8-4613-9BD6-F9226FED22B5}.Release|Any CPU.Deploy.0 = Release|Any CPU
		{F6089756-A7A8-4613-9BD6-F9226FED22B5}.Release|ARM.ActiveCfg = Release|Any CPU
		{F6089756-A7A8-4613-9BD6-F9226FED22B5}.Release|ARM.Build.0 = Release|Any CPU
		{F6089756-A7A8-4613-9BD6-F9226FED22B5}.Release|ARM.Deploy.0 = Release|Any CPU
		{F6089756-A7A8-4613-9BD6-F9226FED22B5}.Release|iPhone.ActiveCfg = Release|Any CPU
		{F6089756-A7A8-4613-9BD6-F9226FED22B5}.Release|iPhone.Build.0 = Release|Any CPU
		{F6089756-A7A8-4613-9BD6-F9226FED22B5}.Release|iPhone.Deploy.0 = Release|Any CPU
		{F6089756-A7A8-4613-9BD6-F9226FED22B5}.Release|iPhoneSimulator.ActiveCfg = Release|Any CPU
		{F6089756-A7A8-4613-9BD6-F9226FED22B5}.Release|iPhoneSimulator.Build.0 = Release|Any CPU
		{F6089756-A7A8-4613-9BD6-F9226FED22B5}.Release|iPhoneSimulator.Deploy.0 = Release|Any CPU
		{F6089756-A7A8-4613-9BD6-F9226FED22B5}.Release|x64.ActiveCfg = Release|Any CPU
		{F6089756-A7A8-4613-9BD6-F9226FED22B5}.Release|x64.Build.0 = Release|Any CPU
		{F6089756-A7A8-4613-9BD6-F9226FED22B5}.Release|x64.Deploy.0 = Release|Any CPU
		{F6089756-A7A8-4613-9BD6-F9226FED22B5}.Release|x86.ActiveCfg = Release|Any CPU
		{F6089756-A7A8-4613-9BD6-F9226FED22B5}.Release|x86.Build.0 = Release|Any CPU
		{F6089756-A7A8-4613-9BD6-F9226FED22B5}.Release|x86.Deploy.0 = Release|Any CPU
		{8AD3B2A5-41AA-4228-9780-3B214EA94B6D}.Debug|Any CPU.ActiveCfg = Debug|iPhoneSimulator
		{8AD3B2A5-41AA-4228-9780-3B214EA94B6D}.Debug|Any CPU.Build.0 = Debug|iPhoneSimulator
		{8AD3B2A5-41AA-4228-9780-3B214EA94B6D}.Debug|Any CPU.Deploy.0 = Debug|iPhoneSimulator
		{8AD3B2A5-41AA-4228-9780-3B214EA94B6D}.Debug|ARM.ActiveCfg = Debug|iPhoneSimulator
		{8AD3B2A5-41AA-4228-9780-3B214EA94B6D}.Debug|ARM.Build.0 = Debug|iPhoneSimulator
		{8AD3B2A5-41AA-4228-9780-3B214EA94B6D}.Debug|ARM.Deploy.0 = Debug|iPhoneSimulator
		{8AD3B2A5-41AA-4228-9780-3B214EA94B6D}.Debug|iPhone.ActiveCfg = Debug|iPhone
		{8AD3B2A5-41AA-4228-9780-3B214EA94B6D}.Debug|iPhone.Build.0 = Debug|iPhone
		{8AD3B2A5-41AA-4228-9780-3B214EA94B6D}.Debug|iPhone.Deploy.0 = Debug|iPhone
		{8AD3B2A5-41AA-4228-9780-3B214EA94B6D}.Debug|iPhoneSimulator.ActiveCfg = Debug|iPhoneSimulator
		{8AD3B2A5-41AA-4228-9780-3B214EA94B6D}.Debug|iPhoneSimulator.Build.0 = Debug|iPhoneSimulator
		{8AD3B2A5-41AA-4228-9780-3B214EA94B6D}.Debug|iPhoneSimulator.Deploy.0 = Debug|iPhoneSimulator
		{8AD3B2A5-41AA-4228-9780-3B214EA94B6D}.Debug|x64.ActiveCfg = Debug|iPhone
		{8AD3B2A5-41AA-4228-9780-3B214EA94B6D}.Debug|x64.Build.0 = Debug|iPhone
		{8AD3B2A5-41AA-4228-9780-3B214EA94B6D}.Debug|x64.Deploy.0 = Debug|iPhone
		{8AD3B2A5-41AA-4228-9780-3B214EA94B6D}.Debug|x86.ActiveCfg = Debug|iPhoneSimulator
		{8AD3B2A5-41AA-4228-9780-3B214EA94B6D}.Debug|x86.Build.0 = Debug|iPhoneSimulator
		{8AD3B2A5-41AA-4228-9780-3B214EA94B6D}.Debug|x86.Deploy.0 = Debug|iPhoneSimulator
		{8AD3B2A5-41AA-4228-9780-3B214EA94B6D}.Release|Any CPU.ActiveCfg = Release|iPhoneSimulator
		{8AD3B2A5-41AA-4228-9780-3B214EA94B6D}.Release|Any CPU.Build.0 = Release|iPhoneSimulator
		{8AD3B2A5-41AA-4228-9780-3B214EA94B6D}.Release|Any CPU.Deploy.0 = Release|iPhoneSimulator
		{8AD3B2A5-41AA-4228-9780-3B214EA94B6D}.Release|ARM.ActiveCfg = Release|iPhoneSimulator
		{8AD3B2A5-41AA-4228-9780-3B214EA94B6D}.Release|ARM.Build.0 = Release|iPhoneSimulator
		{8AD3B2A5-41AA-4228-9780-3B214EA94B6D}.Release|ARM.Deploy.0 = Release|iPhoneSimulator
		{8AD3B2A5-41AA-4228-9780-3B214EA94B6D}.Release|iPhone.ActiveCfg = Release|iPhone
		{8AD3B2A5-41AA-4228-9780-3B214EA94B6D}.Release|iPhone.Build.0 = Release|iPhone
		{8AD3B2A5-41AA-4228-9780-3B214EA94B6D}.Release|iPhone.Deploy.0 = Release|iPhone
		{8AD3B2A5-41AA-4228-9780-3B214EA94B6D}.Release|iPhoneSimulator.ActiveCfg = Release|iPhoneSimulator
		{8AD3B2A5-41AA-4228-9780-3B214EA94B6D}.Release|iPhoneSimulator.Build.0 = Release|iPhoneSimulator
		{8AD3B2A5-41AA-4228-9780-3B214EA94B6D}.Release|iPhoneSimulator.Deploy.0 = Release|iPhoneSimulator
		{8AD3B2A5-41AA-4228-9780-3B214EA94B6D}.Release|x64.ActiveCfg = Release|iPhoneSimulator
		{8AD3B2A5-41AA-4228-9780-3B214EA94B6D}.Release|x64.Build.0 = Release|iPhoneSimulator
		{8AD3B2A5-41AA-4228-9780-3B214EA94B6D}.Release|x64.Deploy.0 = Release|iPhoneSimulator
		{8AD3B2A5-41AA-4228-9780-3B214EA94B6D}.Release|x86.ActiveCfg = Release|iPhoneSimulator
		{8AD3B2A5-41AA-4228-9780-3B214EA94B6D}.Release|x86.Build.0 = Release|iPhoneSimulator
		{8AD3B2A5-41AA-4228-9780-3B214EA94B6D}.Release|x86.Deploy.0 = Release|iPhoneSimulator
		{4C997DAD-7858-455C-96CA-C09E2ED41707}.Debug|Any CPU.ActiveCfg = Debug|Any CPU
		{4C997DAD-7858-455C-96CA-C09E2ED41707}.Debug|Any CPU.Build.0 = Debug|Any CPU
		{4C997DAD-7858-455C-96CA-C09E2ED41707}.Debug|Any CPU.Deploy.0 = Debug|Any CPU
		{4C997DAD-7858-455C-96CA-C09E2ED41707}.Debug|ARM.ActiveCfg = Debug|Any CPU
		{4C997DAD-7858-455C-96CA-C09E2ED41707}.Debug|ARM.Build.0 = Debug|Any CPU
		{4C997DAD-7858-455C-96CA-C09E2ED41707}.Debug|ARM.Deploy.0 = Debug|Any CPU
		{4C997DAD-7858-455C-96CA-C09E2ED41707}.Debug|iPhone.ActiveCfg = Debug|Any CPU
		{4C997DAD-7858-455C-96CA-C09E2ED41707}.Debug|iPhone.Build.0 = Debug|Any CPU
		{4C997DAD-7858-455C-96CA-C09E2ED41707}.Debug|iPhone.Deploy.0 = Debug|Any CPU
		{4C997DAD-7858-455C-96CA-C09E2ED41707}.Debug|iPhoneSimulator.ActiveCfg = Debug|Any CPU
		{4C997DAD-7858-455C-96CA-C09E2ED41707}.Debug|iPhoneSimulator.Build.0 = Debug|Any CPU
		{4C997DAD-7858-455C-96CA-C09E2ED41707}.Debug|iPhoneSimulator.Deploy.0 = Debug|Any CPU
		{4C997DAD-7858-455C-96CA-C09E2ED41707}.Debug|x64.ActiveCfg = Debug|Any CPU
		{4C997DAD-7858-455C-96CA-C09E2ED41707}.Debug|x64.Build.0 = Debug|Any CPU
		{4C997DAD-7858-455C-96CA-C09E2ED41707}.Debug|x64.Deploy.0 = Debug|Any CPU
		{4C997DAD-7858-455C-96CA-C09E2ED41707}.Debug|x86.ActiveCfg = Debug|Any CPU
		{4C997DAD-7858-455C-96CA-C09E2ED41707}.Debug|x86.Build.0 = Debug|Any CPU
		{4C997DAD-7858-455C-96CA-C09E2ED41707}.Debug|x86.Deploy.0 = Debug|Any CPU
		{4C997DAD-7858-455C-96CA-C09E2ED41707}.Release|Any CPU.ActiveCfg = Release|Any CPU
		{4C997DAD-7858-455C-96CA-C09E2ED41707}.Release|Any CPU.Build.0 = Release|Any CPU
		{4C997DAD-7858-455C-96CA-C09E2ED41707}.Release|Any CPU.Deploy.0 = Release|Any CPU
		{4C997DAD-7858-455C-96CA-C09E2ED41707}.Release|ARM.ActiveCfg = Release|Any CPU
		{4C997DAD-7858-455C-96CA-C09E2ED41707}.Release|ARM.Build.0 = Release|Any CPU
		{4C997DAD-7858-455C-96CA-C09E2ED41707}.Release|ARM.Deploy.0 = Release|Any CPU
		{4C997DAD-7858-455C-96CA-C09E2ED41707}.Release|iPhone.ActiveCfg = Release|Any CPU
		{4C997DAD-7858-455C-96CA-C09E2ED41707}.Release|iPhone.Build.0 = Release|Any CPU
		{4C997DAD-7858-455C-96CA-C09E2ED41707}.Release|iPhone.Deploy.0 = Release|Any CPU
		{4C997DAD-7858-455C-96CA-C09E2ED41707}.Release|iPhoneSimulator.ActiveCfg = Release|Any CPU
		{4C997DAD-7858-455C-96CA-C09E2ED41707}.Release|iPhoneSimulator.Build.0 = Release|Any CPU
		{4C997DAD-7858-455C-96CA-C09E2ED41707}.Release|iPhoneSimulator.Deploy.0 = Release|Any CPU
		{4C997DAD-7858-455C-96CA-C09E2ED41707}.Release|x64.ActiveCfg = Release|Any CPU
		{4C997DAD-7858-455C-96CA-C09E2ED41707}.Release|x64.Build.0 = Release|Any CPU
		{4C997DAD-7858-455C-96CA-C09E2ED41707}.Release|x64.Deploy.0 = Release|Any CPU
		{4C997DAD-7858-455C-96CA-C09E2ED41707}.Release|x86.ActiveCfg = Release|Any CPU
		{4C997DAD-7858-455C-96CA-C09E2ED41707}.Release|x86.Build.0 = Release|Any CPU
		{4C997DAD-7858-455C-96CA-C09E2ED41707}.Release|x86.Deploy.0 = Release|Any CPU
	EndGlobalSection
	GlobalSection(SolutionProperties) = preSolution
		HideSolutionNode = FALSE
	EndGlobalSection
	GlobalSection(ExtensibilityGlobals) = postSolution
		SolutionGuid = {640A06DA-C595-4D46-BEF2-1B653287D2AA}
	EndGlobalSection
EndGlobal
